
Microsoft Visual Studio Solution File, Format Version 12.00
# Visual Studio Version 17
VisualStudioVersion = 17.6.33723.286
MinimumVisualStudioVersion = 10.0.40219.1
Project("{FAE04EC0-301F-11D3-BF4B-00C04F79EFBC}") = "HandMadeStore.UI", "HandMadeStore.UI\HandMadeStore.UI.csproj", "{186ACC38-A5CC-4D1B-A9C8-27A397B5F8A5}"
EndProject
Project("{FAE04EC0-301F-11D3-BF4B-00C04F79EFBC}") = "HandMadeStore.Models", "HandMadeStore.Models\HandMadeStore.Models.csproj", "{5A610CD7-BE8A-424D-B6EF-1A691A8BE254}"
EndProject
Project("{FAE04EC0-301F-11D3-BF4B-00C04F79EFBC}") = "HandMadeStore.Utility", "HandMadeStore.Utility\HandMadeStore.Utility.csproj", "{84CBD90D-0F50-4144-A726-C51F424F67F1}"
EndProject
Project("{FAE04EC0-301F-11D3-BF4B-00C04F79EFBC}") = "HandMadeStore.DataAccess", "HandMadeStore.DataAccess\HandMadeStore.DataAccess.csproj", "{FA210AE3-44C4-4F1F-B074-7C4FC8F6D09F}"
EndProject
Global
	GlobalSection(SolutionConfigurationPlatforms) = preSolution
		Debug|Any CPU = Debug|Any CPU
		Release|Any CPU = Release|Any CPU
	EndGlobalSection
	GlobalSection(ProjectConfigurationPlatforms) = postSolution
		{186ACC38-A5CC-4D1B-A9C8-27A397B5F8A5}.Debug|Any CPU.ActiveCfg = Debug|Any CPU
		{186ACC38-A5CC-4D1B-A9C8-27A397B5F8A5}.Debug|Any CPU.Build.0 = Debug|Any CPU
		{186ACC38-A5CC-4D1B-A9C8-27A397B5F8A5}.Release|Any CPU.ActiveCfg = Release|Any CPU
		{186ACC38-A5CC-4D1B-A9C8-27A397B5F8A5}.Release|Any CPU.Build.0 = Release|Any CPU
		{5A610CD7-BE8A-424D-B6EF-1A691A8BE254}.Debug|Any CPU.ActiveCfg = Debug|Any CPU
		{5A610CD7-BE8A-424D-B6EF-1A691A8BE254}.Debug|Any CPU.Build.0 = Debug|Any CPU
		{5A610CD7-BE8A-424D-B6EF-1A691A8BE254}.Release|Any CPU.ActiveCfg = Release|Any CPU
		{5A610CD7-BE8A-424D-B6EF-1A691A8BE254}.Release|Any CPU.Build.0 = Release|Any CPU
		{84CBD90D-0F50-4144-A726-C51F424F67F1}.Debug|Any CPU.ActiveCfg = Debug|Any CPU
		{84CBD90D-0F50-4144-A726-C51F424F67F1}.Debug|Any CPU.Build.0 = Debug|Any CPU
		{84CBD90D-0F50-4144-A726-C51F424F67F1}.Release|Any CPU.ActiveCfg = Release|Any CPU
		{84CBD90D-0F50-4144-A726-C51F424F67F1}.Release|Any CPU.Build.0 = Release|Any CPU
		{FA210AE3-44C4-4F1F-B074-7C4FC8F6D09F}.Debug|Any CPU.ActiveCfg = Debug|Any CPU
		{FA210AE3-44C4-4F1F-B074-7C4FC8F6D09F}.Debug|Any CPU.Build.0 = Debug|Any CPU
		{FA210AE3-44C4-4F1F-B074-7C4FC8F6D09F}.Release|Any CPU.ActiveCfg = Release|Any CPU
		{FA210AE3-44C4-4F1F-B074-7C4FC8F6D09F}.Release|Any CPU.Build.0 = Release|Any CPU
	EndGlobalSection
	GlobalSection(SolutionProperties) = preSolution
		HideSolutionNode = FALSE
	EndGlobalSection
	GlobalSection(ExtensibilityGlobals) = postSolution
		SolutionGuid = {BFF9A31F-B7C8-459A-851D-E36E9F42B7A1}
	EndGlobalSection
EndGlobal
